
Microsoft Visual Studio Solution File, Format Version 12.00
# Visual Studio Version 16
VisualStudioVersion = 16.0.30413.136
MinimumVisualStudioVersion = 10.0.40219.1
Project("{FAE04EC0-301F-11D3-BF4B-00C04F79EFBC}") = "ReportGenerator API", "MyWebApplication\ReportGenerator API.csproj", "{70334439-8AA6-4352-8AD2-1BF7A47C8373}"
EndProject
Project("{9A19103F-16F7-4668-BE54-9A1E7A4F7556}") = "SharedCode", "SharedModels\SharedCode.csproj", "{5B370739-37ED-405B-9427-8F93A8C34F95}"
EndProject
Project("{2150E333-8FDC-42A3-9474-1A3956D46DE8}") = "Consumers", "Consumers", "{6CDD90C0-927B-4552-88D6-34357ED75DD1}"
EndProject
Project("{FAE04EC0-301F-11D3-BF4B-00C04F79EFBC}") = "ReportGeneratorConsumer", "ReportGeneratorConsumer\ReportGeneratorConsumer.csproj", "{7DA11439-6AA0-4A4A-95BD-8F2B72941CC1}"
EndProject
Global
	GlobalSection(SolutionConfigurationPlatforms) = preSolution
		Debug|Any CPU = Debug|Any CPU
		Release|Any CPU = Release|Any CPU
	EndGlobalSection
	GlobalSection(ProjectConfigurationPlatforms) = postSolution
		{70334439-8AA6-4352-8AD2-1BF7A47C8373}.Debug|Any CPU.ActiveCfg = Debug|Any CPU
		{70334439-8AA6-4352-8AD2-1BF7A47C8373}.Debug|Any CPU.Build.0 = Debug|Any CPU
		{70334439-8AA6-4352-8AD2-1BF7A47C8373}.Release|Any CPU.ActiveCfg = Release|Any CPU
		{70334439-8AA6-4352-8AD2-1BF7A47C8373}.Release|Any CPU.Build.0 = Release|Any CPU
		{5B370739-37ED-405B-9427-8F93A8C34F95}.Debug|Any CPU.ActiveCfg = Debug|Any CPU
		{5B370739-37ED-405B-9427-8F93A8C34F95}.Debug|Any CPU.Build.0 = Debug|Any CPU
		{5B370739-37ED-405B-9427-8F93A8C34F95}.Release|Any CPU.ActiveCfg = Release|Any CPU
		{5B370739-37ED-405B-9427-8F93A8C34F95}.Release|Any CPU.Build.0 = Release|Any CPU
		{7DA11439-6AA0-4A4A-95BD-8F2B72941CC1}.Debug|Any CPU.ActiveCfg = Debug|Any CPU
		{7DA11439-6AA0-4A4A-95BD-8F2B72941CC1}.Debug|Any CPU.Build.0 = Debug|Any CPU
		{7DA11439-6AA0-4A4A-95BD-8F2B72941CC1}.Release|Any CPU.ActiveCfg = Release|Any CPU
		{7DA11439-6AA0-4A4A-95BD-8F2B72941CC1}.Release|Any CPU.Build.0 = Release|Any CPU
	EndGlobalSection
	GlobalSection(SolutionProperties) = preSolution
		HideSolutionNode = FALSE
	EndGlobalSection
	GlobalSection(NestedProjects) = preSolution
		{7DA11439-6AA0-4A4A-95BD-8F2B72941CC1} = {6CDD90C0-927B-4552-88D6-34357ED75DD1}
	EndGlobalSection
	GlobalSection(ExtensibilityGlobals) = postSolution
		SolutionGuid = {F49DC2D7-5436-482B-A88F-BDB3C6D4587F}
	EndGlobalSection
EndGlobal
